PODS:
  - Masonry (1.1.0)
  - MJRefresh (3.1.15.1)
  - TTGTagCollectionView (1.8.2)
  - UITableView+FDTemplateLayoutCell (1.6)
  - YYModel (1.0.4)

DEPENDENCIES:
  - Masonry
  - MJRefresh
  - TTGTagCollectionView
  - UITableView+FDTemplateLayoutCell
  - YYModel

SPEC CHECKSUMS:
  Masonry: 678fab65091a9290e40e2832a55e7ab731aad201
  MJRefresh: 5f8552bc25ca8751c010f621c1098dbdaacbccd6
  TTGTagCollectionView: 20cf236b538ea9a17d1f0538968148c8d304414a
  UITableView+FDTemplateLayoutCell: 5c949b4a5059c404b442926c0e80f81d10a2d66f
  YYModel: 2a7fdd96aaa4b86a824e26d0c517de8928c04b30

PODFILE CHECKSUM: 66454c14ea4f45c69a6a6598601f8c8fd3e485fe

COCOAPODS: 1.3.1
